
Microsoft Visual Studio Solution File, Format Version 12.00
# Visual Studio Version 16
VisualStudioVersion = 16.0.30406.217
MinimumVisualStudioVersion = 10.0.40219.1
Project("{FAE04EC0-301F-11D3-BF4B-00C04F79EFBC}") = "ShopDienThoaiAPI", "ShopDienThoaiAPI\ShopDienThoaiAPI.csproj", "{BBFE3EFB-F61A-41CF-BE21-63C8622CC3E6}"
EndProject
Project("{FAE04EC0-301F-11D3-BF4B-00C04F79EFBC}") = "Models", "Model\Models.csproj", "{45763651-77CD-4F3B-B403-A91910FEC260}"
EndProject
Global
	GlobalSection(SolutionConfigurationPlatforms) = preSolution
		Debug|Any CPU = Debug|Any CPU
		Release|Any CPU = Release|Any CPU
	EndGlobalSection
	GlobalSection(ProjectConfigurationPlatforms) = postSolution
		{BBFE3EFB-F61A-41CF-BE21-63C8622CC3E6}.Debug|Any CPU.ActiveCfg = Debug|Any CPU
		{BBFE3EFB-F61A-41CF-BE21-63C8622CC3E6}.Debug|Any CPU.Build.0 = Debug|Any CPU
		{BBFE3EFB-F61A-41CF-BE21-63C8622CC3E6}.Release|Any CPU.ActiveCfg = Release|Any CPU
		{BBFE3EFB-F61A-41CF-BE21-63C8622CC3E6}.Release|Any CPU.Build.0 = Release|Any CPU
		{45763651-77CD-4F3B-B403-A91910FEC260}.Debug|Any CPU.ActiveCfg = Debug|Any CPU
		{45763651-77CD-4F3B-B403-A91910FEC260}.Debug|Any CPU.Build.0 = Debug|Any CPU
		{45763651-77CD-4F3B-B403-A91910FEC260}.Release|Any CPU.ActiveCfg = Release|Any CPU
		{45763651-77CD-4F3B-B403-A91910FEC260}.Release|Any CPU.Build.0 = Release|Any CPU
	EndGlobalSection
	GlobalSection(SolutionProperties) = preSolution
		HideSolutionNode = FALSE
	EndGlobalSection
	GlobalSection(ExtensibilityGlobals) = postSolution
		SolutionGuid = {23DEEE60-AF47-4D1B-B9F2-22A9F211D76A}
	EndGlobalSection
EndGlobal
